
Microsoft Visual Studio Solution File, Format Version 12.00
# Visual Studio Version 17
VisualStudioVersion = 17.2.32630.192
MinimumVisualStudioVersion = 10.0.40219.1
Project("{FAE04EC0-301F-11D3-BF4B-00C04F79EFBC}") = "letsDoThis", "letsDoThis\letsDoThis.csproj", "{7C2C8789-C024-410A-880A-FA1E241D3F86}"
EndProject
Global
	GlobalSection(SolutionConfigurationPlatforms) = preSolution
		Debug|Any CPU = Debug|Any CPU
		Release|Any CPU = Release|Any CPU
	EndGlobalSection
	GlobalSection(ProjectConfigurationPlatforms) = postSolution
		{7C2C8789-C024-410A-880A-FA1E241D3F86}.Debug|Any CPU.ActiveCfg = Debug|Any CPU
		{7C2C8789-C024-410A-880A-FA1E241D3F86}.Debug|Any CPU.Build.0 = Debug|Any CPU
		{7C2C8789-C024-410A-880A-FA1E241D3F86}.Release|Any CPU.ActiveCfg = Release|Any CPU
		{7C2C8789-C024-410A-880A-FA1E241D3F86}.Release|Any CPU.Build.0 = Release|Any CPU
	EndGlobalSection
	GlobalSection(SolutionProperties) = preSolution
		HideSolutionNode = FALSE
	EndGlobalSection
	GlobalSection(ExtensibilityGlobals) = postSolution
		SolutionGuid = {EB50C161-6251-4961-BB5E-BD86D4B25658}
	EndGlobalSection
EndGlobal
